{
  "version": 4,
  "terraform_version": "1.7.2",
  "serial": 9,
  "lineage": "87659d53-3c13-fce3-7839-9a98270ab132",
  "outputs": {},
  "resources": [
    {
      "mode": "managed",
      "type": "aws_apprunner_auto_scaling_configuration_version",
      "name": "app_scaling",
      "provider": "provider[\"registry.opentofu.org/hashicorp/aws\"]",
      "instances": [
        {
          "schema_version": 0,
          "attributes": {
            "arn": "arn:aws:apprunner:us-east-1:654654512735:autoscalingconfiguration/app-scaling-config/2/5618bfdc09284ef1959dc5fe3e9c7e40",
            "auto_scaling_configuration_name": "app-scaling-config",
            "auto_scaling_configuration_revision": 2,
            "has_associated_service": true,
            "id": "arn:aws:apprunner:us-east-1:654654512735:autoscalingconfiguration/app-scaling-config/2/5618bfdc09284ef1959dc5fe3e9c7e40",
            "is_default": false,
            "latest": true,
            "max_concurrency": 100,
            "max_size": 3,
            "min_size": 1,
            "status": "active",
            "tags": {},
            "tags_all": {}
          },
          "sensitive_attributes": [],
          "private": "bnVsbA=="
        }
      ]
    },
    {
      "mode": "managed",
      "type": "aws_apprunner_service",
      "name": "app_services",
      "provider": "provider[\"registry.opentofu.org/hashicorp/aws\"]",
      "instances": [
        {
          "index_key": "announcements-dev",
          "schema_version": 0,
          "attributes": {
            "arn": "arn:aws:apprunner:us-east-1:654654512735:service/announcements-dev-service/f64fe86fb17f4b8eba5f8462f2b3c9c1",
            "auto_scaling_configuration_arn": "arn:aws:apprunner:us-east-1:654654512735:autoscalingconfiguration/app-scaling-config/2/5618bfdc09284ef1959dc5fe3e9c7e40",
            "encryption_configuration": [],
            "health_check_configuration": [
              {
                "healthy_threshold": 1,
                "interval": 5,
                "path": "/",
                "protocol": "TCP",
                "timeout": 2,
                "unhealthy_threshold": 5
              }
            ],
            "id": "arn:aws:apprunner:us-east-1:654654512735:service/announcements-dev-service/f64fe86fb17f4b8eba5f8462f2b3c9c1",
            "instance_configuration": [
              {
                "cpu": "1024",
                "instance_role_arn": "",
                "memory": "2048"
              }
            ],
            "network_configuration": [
              {
                "egress_configuration": [
                  {
                    "egress_type": "DEFAULT",
                    "vpc_connector_arn": ""
                  }
                ],
                "ingress_configuration": [
                  {
                    "is_publicly_accessible": true
                  }
                ],
                "ip_address_type": "IPV4"
              }
            ],
            "observability_configuration": [],
            "service_id": "f64fe86fb17f4b8eba5f8462f2b3c9c1",
            "service_name": "announcements-dev-service",
            "service_url": "bgw2v7rxxk.us-east-1.awsapprunner.com",
            "source_configuration": [
              {
                "authentication_configuration": [
                  {
                    "access_role_arn": "arn:aws:iam::654654512735:role/apprunner-access-role",
                    "connection_arn": ""
                  }
                ],
                "auto_deployments_enabled": true,
                "code_repository": [],
                "image_repository": [
                  {
                    "image_configuration": [
                      {
                        "port": "8000",
                        "runtime_environment_secrets": null,
                        "runtime_environment_variables": null,
                        "start_command": ""
                      }
                    ],
                    "image_identifier": "654654512735.dkr.ecr.us-east-1.amazonaws.com/announcements-dev:latest",
                    "image_repository_type": "ECR"
                  }
                ]
              }
            ],
            "status": "RUNNING",
            "tags": {
              "Application": "announcements",
              "Environment": "dev"
            },
            "tags_all": {
              "Application": "announcements",
              "Environment": "dev"
            }
          },
          "sensitive_attributes": [],
          "private": "bnVsbA==",
          "dependencies": [
            "aws_apprunner_auto_scaling_configuration_version.app_scaling"
          ]
        },
        {
          "index_key": "announcements-prod",
          "status": "tainted",
          "schema_version": 0,
          "attributes": {
            "arn": null,
            "auto_scaling_configuration_arn": "arn:aws:apprunner:us-east-1:654654512735:autoscalingconfiguration/app-scaling-config/2/5618bfdc09284ef1959dc5fe3e9c7e40",
            "encryption_configuration": [],
            "health_check_configuration": null,
            "id": "arn:aws:apprunner:us-east-1:654654512735:service/announcements-prod-service/56332d447a614a97b7cf9eb07b5844c0",
            "instance_configuration": [
              {
                "cpu": "1024",
                "instance_role_arn": "",
                "memory": "2048"
              }
            ],
            "network_configuration": null,
            "observability_configuration": [],
            "service_id": null,
            "service_name": "announcements-prod-service",
            "service_url": null,
            "source_configuration": [
              {
                "authentication_configuration": [
                  {
                    "access_role_arn": "arn:aws:iam::654654512735:role/apprunner-access-role",
                    "connection_arn": ""
                  }
                ],
                "auto_deployments_enabled": true,
                "code_repository": [],
                "image_repository": [
                  {
                    "image_configuration": [
                      {
                        "port": "8000",
                        "runtime_environment_secrets": null,
                        "runtime_environment_variables": null,
                        "start_command": ""
                      }
                    ],
                    "image_identifier": "654654512735.dkr.ecr.us-east-1.amazonaws.com/announcements-prod:latest",
                    "image_repository_type": "ECR"
                  }
                ]
              }
            ],
            "status": null,
            "tags": {
              "Application": "announcements",
              "Environment": "prod"
            },
            "tags_all": {
              "Application": "announcements",
              "Environment": "prod"
            }
          },
          "sensitive_attributes": [],
          "private": "bnVsbA==",
          "dependencies": [
            "aws_apprunner_auto_scaling_configuration_version.app_scaling"
          ]
        },
        {
          "index_key": "announcements-qa",
          "status": "tainted",
          "schema_version": 0,
          "attributes": {
            "arn": null,
            "auto_scaling_configuration_arn": "arn:aws:apprunner:us-east-1:654654512735:autoscalingconfiguration/app-scaling-config/2/5618bfdc09284ef1959dc5fe3e9c7e40",
            "encryption_configuration": [],
            "health_check_configuration": null,
            "id": "arn:aws:apprunner:us-east-1:654654512735:service/announcements-qa-service/1531409a79484a24a1379d48efbacf67",
            "instance_configuration": [
              {
                "cpu": "1024",
                "instance_role_arn": "",
                "memory": "2048"
              }
            ],
            "network_configuration": null,
            "observability_configuration": [],
            "service_id": null,
            "service_name": "announcements-qa-service",
            "service_url": null,
            "source_configuration": [
              {
                "authentication_configuration": [
                  {
                    "access_role_arn": "arn:aws:iam::654654512735:role/apprunner-access-role",
                    "connection_arn": ""
                  }
                ],
                "auto_deployments_enabled": true,
                "code_repository": [],
                "image_repository": [
                  {
                    "image_configuration": [
                      {
                        "port": "8000",
                        "runtime_environment_secrets": null,
                        "runtime_environment_variables": null,
                        "start_command": ""
                      }
                    ],
                    "image_identifier": "654654512735.dkr.ecr.us-east-1.amazonaws.com/announcements-qa:latest",
                    "image_repository_type": "ECR"
                  }
                ]
              }
            ],
            "status": null,
            "tags": {
              "Application": "announcements",
              "Environment": "qa"
            },
            "tags_all": {
              "Application": "announcements",
              "Environment": "qa"
            }
          },
          "sensitive_attributes": [],
          "private": "bnVsbA==",
          "dependencies": [
            "aws_apprunner_auto_scaling_configuration_version.app_scaling"
          ]
        }
      ]
    }
  ],
  "check_results": null
}
