{
  "version": 4,
  "terraform_version": "1.7.2",
  "serial": 10,
  "lineage": "54543b65-0785-73d9-c782-458033890453",
  "outputs": {},
  "resources": [
    {
      "mode": "managed",
      "type": "aws_apprunner_auto_scaling_configuration_version",
      "name": "app_scaling",
      "provider": "provider[\"registry.opentofu.org/hashicorp/aws\"]",
      "instances": [
        {
          "schema_version": 0,
          "attributes": {
            "arn": "arn:aws:apprunner:us-east-1:654654512735:autoscalingconfiguration/app-scaling-config/1/698d3cef159a4e53a2bf2ee136979a68",
            "auto_scaling_configuration_name": "app-scaling-config",
            "auto_scaling_configuration_revision": 1,
            "has_associated_service": false,
            "id": "arn:aws:apprunner:us-east-1:654654512735:autoscalingconfiguration/app-scaling-config/1/698d3cef159a4e53a2bf2ee136979a68",
            "is_default": false,
            "latest": true,
            "max_concurrency": 100,
            "max_size": 3,
            "min_size": 1,
            "status": "active",
            "tags": {},
            "tags_all": {}
          },
          "sensitive_attributes": [],
          "private": "bnVsbA=="
        }
      ]
    },
    {
      "mode": "managed",
      "type": "aws_apprunner_service",
      "name": "app_services",
      "provider": "provider[\"registry.opentofu.org/hashicorp/aws\"]",
      "instances": [
        {
          "index_key": "announcements-dev",
          "status": "tainted",
          "schema_version": 0,
          "attributes": {
            "arn": null,
            "auto_scaling_configuration_arn": "arn:aws:apprunner:us-east-1:654654512735:autoscalingconfiguration/app-scaling-config/1/698d3cef159a4e53a2bf2ee136979a68",
            "encryption_configuration": [],
            "health_check_configuration": null,
            "id": "arn:aws:apprunner:us-east-1:654654512735:service/announcements-dev-service/4436750d31e942b485b8dc466ba582c9",
            "instance_configuration": [
              {
                "cpu": "1024",
                "instance_role_arn": "",
                "memory": "2048"
              }
            ],
            "network_configuration": null,
            "observability_configuration": [],
            "service_id": null,
            "service_name": "announcements-dev-service",
            "service_url": null,
            "source_configuration": [
              {
                "authentication_configuration": [
                  {
                    "access_role_arn": "arn:aws:iam::654654512735:role/apprunner-access-role",
                    "connection_arn": ""
                  }
                ],
                "auto_deployments_enabled": true,
                "code_repository": [],
                "image_repository": [
                  {
                    "image_configuration": [],
                    "image_identifier": "654654512735.dkr.ecr.us-east-1.amazonaws.com/announcements-dev:latest",
                    "image_repository_type": "ECR"
                  }
                ]
              }
            ],
            "status": null,
            "tags": {
              "Application": "announcements",
              "Environment": "dev"
            },
            "tags_all": {
              "Application": "announcements",
              "Environment": "dev"
            }
          },
          "sensitive_attributes": [],
          "private": "bnVsbA==",
          "dependencies": [
            "aws_apprunner_auto_scaling_configuration_version.app_scaling",
            "aws_ecr_repository.app_repos",
            "aws_iam_role.apprunner_role"
          ]
        },
        {
          "index_key": "announcements-prod",
          "status": "tainted",
          "schema_version": 0,
          "attributes": {
            "arn": null,
            "auto_scaling_configuration_arn": "arn:aws:apprunner:us-east-1:654654512735:autoscalingconfiguration/app-scaling-config/1/698d3cef159a4e53a2bf2ee136979a68",
            "encryption_configuration": [],
            "health_check_configuration": null,
            "id": "arn:aws:apprunner:us-east-1:654654512735:service/announcements-prod-service/00f46166691142e0ad04186aca90f63a",
            "instance_configuration": [
              {
                "cpu": "1024",
                "instance_role_arn": "",
                "memory": "2048"
              }
            ],
            "network_configuration": null,
            "observability_configuration": [],
            "service_id": null,
            "service_name": "announcements-prod-service",
            "service_url": null,
            "source_configuration": [
              {
                "authentication_configuration": [
                  {
                    "access_role_arn": "arn:aws:iam::654654512735:role/apprunner-access-role",
                    "connection_arn": ""
                  }
                ],
                "auto_deployments_enabled": true,
                "code_repository": [],
                "image_repository": [
                  {
                    "image_configuration": [],
                    "image_identifier": "654654512735.dkr.ecr.us-east-1.amazonaws.com/announcements-prod:latest",
                    "image_repository_type": "ECR"
                  }
                ]
              }
            ],
            "status": null,
            "tags": {
              "Application": "announcements",
              "Environment": "prod"
            },
            "tags_all": {
              "Application": "announcements",
              "Environment": "prod"
            }
          },
          "sensitive_attributes": [],
          "private": "bnVsbA==",
          "dependencies": [
            "aws_apprunner_auto_scaling_configuration_version.app_scaling",
            "aws_ecr_repository.app_repos",
            "aws_iam_role.apprunner_role"
          ]
        },
        {
          "index_key": "announcements-qa",
          "status": "tainted",
          "schema_version": 0,
          "attributes": {
            "arn": null,
            "auto_scaling_configuration_arn": "arn:aws:apprunner:us-east-1:654654512735:autoscalingconfiguration/app-scaling-config/1/698d3cef159a4e53a2bf2ee136979a68",
            "encryption_configuration": [],
            "health_check_configuration": null,
            "id": "arn:aws:apprunner:us-east-1:654654512735:service/announcements-qa-service/07d17a2103b048d9828dd1f3e48fef33",
            "instance_configuration": [
              {
                "cpu": "1024",
                "instance_role_arn": "",
                "memory": "2048"
              }
            ],
            "network_configuration": null,
            "observability_configuration": [],
            "service_id": null,
            "service_name": "announcements-qa-service",
            "service_url": null,
            "source_configuration": [
              {
                "authentication_configuration": [
                  {
                    "access_role_arn": "arn:aws:iam::654654512735:role/apprunner-access-role",
                    "connection_arn": ""
                  }
                ],
                "auto_deployments_enabled": true,
                "code_repository": [],
                "image_repository": [
                  {
                    "image_configuration": [],
                    "image_identifier": "654654512735.dkr.ecr.us-east-1.amazonaws.com/announcements-qa:latest",
                    "image_repository_type": "ECR"
                  }
                ]
              }
            ],
            "status": null,
            "tags": {
              "Application": "announcements",
              "Environment": "qa"
            },
            "tags_all": {
              "Application": "announcements",
              "Environment": "qa"
            }
          },
          "sensitive_attributes": [],
          "private": "bnVsbA==",
          "dependencies": [
            "aws_apprunner_auto_scaling_configuration_version.app_scaling",
            "aws_ecr_repository.app_repos",
            "aws_iam_role.apprunner_role"
          ]
        }
      ]
    },
    {
      "mode": "managed",
      "type": "aws_db_subnet_group",
      "name": "default",
      "provider": "provider[\"registry.opentofu.org/hashicorp/aws\"]",
      "instances": [
        {
          "schema_version": 0,
          "attributes": {
            "arn": "arn:aws:rds:us-east-1:654654512735:subgrp:default-subnet-group",
            "description": "Managed by Terraform",
            "id": "default-subnet-group",
            "name": "default-subnet-group",
            "name_prefix": "",
            "subnet_ids": [
              "subnet-0695d3dd445173149",
              "subnet-0a3fd13b052e1ea06"
            ],
            "supported_network_types": [
              "IPV4"
            ],
            "tags": null,
            "tags_all": {},
            "vpc_id": "vpc-0703324b0286401ca"
          },
          "sensitive_attributes": [],
          "private": "bnVsbA==",
          "dependencies": [
            "aws_subnet.alternative",
            "aws_subnet.main",
            "aws_vpc.main"
          ]
        }
      ]
    },
    {
      "mode": "managed",
      "type": "aws_ecr_repository",
      "name": "app_repos",
      "provider": "provider[\"registry.opentofu.org/hashicorp/aws\"]",
      "instances": [
        {
          "index_key": "announcements-dev",
          "schema_version": 0,
          "attributes": {
            "arn": "arn:aws:ecr:us-east-1:654654512735:repository/announcements-dev",
            "encryption_configuration": [
              {
                "encryption_type": "AES256",
                "kms_key": ""
              }
            ],
            "force_delete": null,
            "id": "announcements-dev",
            "image_scanning_configuration": [
              {
                "scan_on_push": false
              }
            ],
            "image_tag_mutability": "MUTABLE",
            "name": "announcements-dev",
            "registry_id": "654654512735",
            "repository_url": "654654512735.dkr.ecr.us-east-1.amazonaws.com/announcements-dev",
            "tags": {},
            "tags_all": {},
            "timeouts": null
          },
          "sensitive_attributes": [],
          "private": "eyJlMmJmYjczMC1lY2FhLTExZTYtOGY4OC0zNDM2M2JjN2M0YzAiOnsiZGVsZXRlIjoxMjAwMDAwMDAwMDAwfX0="
        },
        {
          "index_key": "announcements-prod",
          "schema_version": 0,
          "attributes": {
            "arn": "arn:aws:ecr:us-east-1:654654512735:repository/announcements-prod",
            "encryption_configuration": [
              {
                "encryption_type": "AES256",
                "kms_key": ""
              }
            ],
            "force_delete": null,
            "id": "announcements-prod",
            "image_scanning_configuration": [
              {
                "scan_on_push": false
              }
            ],
            "image_tag_mutability": "MUTABLE",
            "name": "announcements-prod",
            "registry_id": "654654512735",
            "repository_url": "654654512735.dkr.ecr.us-east-1.amazonaws.com/announcements-prod",
            "tags": {},
            "tags_all": {},
            "timeouts": null
          },
          "sensitive_attributes": [],
          "private": "eyJlMmJmYjczMC1lY2FhLTExZTYtOGY4OC0zNDM2M2JjN2M0YzAiOnsiZGVsZXRlIjoxMjAwMDAwMDAwMDAwfX0="
        },
        {
          "index_key": "announcements-qa",
          "schema_version": 0,
          "attributes": {
            "arn": "arn:aws:ecr:us-east-1:654654512735:repository/announcements-qa",
            "encryption_configuration": [
              {
                "encryption_type": "AES256",
                "kms_key": ""
              }
            ],
            "force_delete": null,
            "id": "announcements-qa",
            "image_scanning_configuration": [
              {
                "scan_on_push": false
              }
            ],
            "image_tag_mutability": "MUTABLE",
            "name": "announcements-qa",
            "registry_id": "654654512735",
            "repository_url": "654654512735.dkr.ecr.us-east-1.amazonaws.com/announcements-qa",
            "tags": {},
            "tags_all": {},
            "timeouts": null
          },
          "sensitive_attributes": [],
          "private": "eyJlMmJmYjczMC1lY2FhLTExZTYtOGY4OC0zNDM2M2JjN2M0YzAiOnsiZGVsZXRlIjoxMjAwMDAwMDAwMDAwfX0="
        }
      ]
    },
    {
      "mode": "managed",
      "type": "aws_iam_policy",
      "name": "ecr_access_policy",
      "provider": "provider[\"registry.opentofu.org/hashicorp/aws\"]",
      "instances": [
        {
          "schema_version": 0,
          "attributes": {
            "arn": "arn:aws:iam::654654512735:policy/apprunner-ecr-access-policy",
            "attachment_count": 1,
            "description": "",
            "id": "arn:aws:iam::654654512735:policy/apprunner-ecr-access-policy",
            "name": "apprunner-ecr-access-policy",
            "name_prefix": "",
            "path": "/",
            "policy": "{\"Statement\":[{\"Action\":[\"ecr:GetDownloadUrlForLayer\",\"ecr:BatchGetImage\",\"ecr:BatchCheckLayerAvailability\"],\"Effect\":\"Allow\",\"Resource\":\"*\"},{\"Action\":\"ecr:GetAuthorizationToken\",\"Effect\":\"Allow\",\"Resource\":\"*\"}],\"Version\":\"2012-10-17\"}",
            "policy_id": "ANPAZQ3DTDZPYUO66RVZD",
            "tags": {},
            "tags_all": {}
          },
          "sensitive_attributes": [],
          "private": "bnVsbA=="
        }
      ]
    },
    {
      "mode": "managed",
      "type": "aws_iam_role",
      "name": "apprunner_role",
      "provider": "provider[\"registry.opentofu.org/hashicorp/aws\"]",
      "instances": [
        {
          "schema_version": 0,
          "attributes": {
            "arn": "arn:aws:iam::654654512735:role/apprunner-access-role",
            "assume_role_policy": "{\"Statement\":[{\"Action\":\"sts:AssumeRole\",\"Effect\":\"Allow\",\"Principal\":{\"Service\":\"build.apprunner.amazonaws.com\"}}],\"Version\":\"2012-10-17\"}",
            "create_date": "2024-08-15T17:54:50Z",
            "description": "",
            "force_detach_policies": false,
            "id": "apprunner-access-role",
            "inline_policy": [],
            "managed_policy_arns": [
              "arn:aws:iam::654654512735:policy/apprunner-ecr-access-policy"
            ],
            "max_session_duration": 3600,
            "name": "apprunner-access-role",
            "name_prefix": "",
            "path": "/",
            "permissions_boundary": "",
            "tags": {},
            "tags_all": {},
            "unique_id": "AROAZQ3DTDZPQRT6NSTHC"
          },
          "sensitive_attributes": [],
          "private": "bnVsbA=="
        }
      ]
    },
    {
      "mode": "managed",
      "type": "aws_iam_role_policy_attachment",
      "name": "apprunner_ecr_policy_attach",
      "provider": "provider[\"registry.opentofu.org/hashicorp/aws\"]",
      "instances": [
        {
          "schema_version": 0,
          "attributes": {
            "id": "apprunner-access-role-20240815175450650000000001",
            "policy_arn": "arn:aws:iam::654654512735:policy/apprunner-ecr-access-policy",
            "role": "apprunner-access-role"
          },
          "sensitive_attributes": [],
          "private": "bnVsbA==",
          "dependencies": [
            "aws_iam_policy.ecr_access_policy",
            "aws_iam_role.apprunner_role"
          ]
        }
      ]
    },
    {
      "mode": "managed",
      "type": "aws_security_group",
      "name": "rds_sg",
      "provider": "provider[\"registry.opentofu.org/hashicorp/aws\"]",
      "instances": [
        {
          "schema_version": 1,
          "attributes": {
            "arn": "arn:aws:ec2:us-east-1:654654512735:security-group/sg-0b7d1f9deff6649db",
            "description": "Managed by Terraform",
            "egress": [
              {
                "cidr_blocks": [
                  "0.0.0.0/0"
                ],
                "description": "",
                "from_port": 0,
                "ipv6_cidr_blocks": [],
                "prefix_list_ids": [],
                "protocol": "-1",
                "security_groups": [],
                "self": false,
                "to_port": 0
              }
            ],
            "id": "sg-0b7d1f9deff6649db",
            "ingress": [
              {
                "cidr_blocks": [
                  "0.0.0.0/0"
                ],
                "description": "",
                "from_port": 3306,
                "ipv6_cidr_blocks": [],
                "prefix_list_ids": [],
                "protocol": "tcp",
                "security_groups": [],
                "self": false,
                "to_port": 3306
              }
            ],
            "name": "terraform-20240815175451484000000002",
            "name_prefix": "terraform-",
            "owner_id": "654654512735",
            "revoke_rules_on_delete": false,
            "tags": {},
            "tags_all": {},
            "timeouts": null,
            "vpc_id": "vpc-0703324b0286401ca"
          },
          "sensitive_attributes": [],
          "private": "eyJlMmJmYjczMC1lY2FhLTExZTYtOGY4OC0zNDM2M2JjN2M0YzAiOnsiY3JlYXRlIjo2MDAwMDAwMDAwMDAsImRlbGV0ZSI6OTAwMDAwMDAwMDAwfSwic2NoZW1hX3ZlcnNpb24iOiIxIn0=",
          "dependencies": [
            "aws_vpc.main"
          ]
        }
      ]
    },
    {
      "mode": "managed",
      "type": "aws_subnet",
      "name": "alternative",
      "provider": "provider[\"registry.opentofu.org/hashicorp/aws\"]",
      "instances": [
        {
          "schema_version": 1,
          "attributes": {
            "arn": "arn:aws:ec2:us-east-1:654654512735:subnet/subnet-0695d3dd445173149",
            "assign_ipv6_address_on_creation": false,
            "availability_zone": "us-east-1b",
            "availability_zone_id": "use1-az2",
            "cidr_block": "10.0.2.0/24",
            "customer_owned_ipv4_pool": "",
            "enable_dns64": false,
            "enable_lni_at_device_index": 0,
            "enable_resource_name_dns_a_record_on_launch": false,
            "enable_resource_name_dns_aaaa_record_on_launch": false,
            "id": "subnet-0695d3dd445173149",
            "ipv6_cidr_block": "",
            "ipv6_cidr_block_association_id": "",
            "ipv6_native": false,
            "map_customer_owned_ip_on_launch": false,
            "map_public_ip_on_launch": false,
            "outpost_arn": "",
            "owner_id": "654654512735",
            "private_dns_hostname_type_on_launch": "ip-name",
            "tags": null,
            "tags_all": {},
            "timeouts": null,
            "vpc_id": "vpc-0703324b0286401ca"
          },
          "sensitive_attributes": [],
          "private": "eyJlMmJmYjczMC1lY2FhLTExZTYtOGY4OC0zNDM2M2JjN2M0YzAiOnsiY3JlYXRlIjo2MDAwMDAwMDAwMDAsImRlbGV0ZSI6MTIwMDAwMDAwMDAwMH0sInNjaGVtYV92ZXJzaW9uIjoiMSJ9",
          "dependencies": [
            "aws_vpc.main"
          ]
        }
      ]
    },
    {
      "mode": "managed",
      "type": "aws_subnet",
      "name": "main",
      "provider": "provider[\"registry.opentofu.org/hashicorp/aws\"]",
      "instances": [
        {
          "schema_version": 1,
          "attributes": {
            "arn": "arn:aws:ec2:us-east-1:654654512735:subnet/subnet-0a3fd13b052e1ea06",
            "assign_ipv6_address_on_creation": false,
            "availability_zone": "us-east-1c",
            "availability_zone_id": "use1-az4",
            "cidr_block": "10.0.1.0/24",
            "customer_owned_ipv4_pool": "",
            "enable_dns64": false,
            "enable_lni_at_device_index": 0,
            "enable_resource_name_dns_a_record_on_launch": false,
            "enable_resource_name_dns_aaaa_record_on_launch": false,
            "id": "subnet-0a3fd13b052e1ea06",
            "ipv6_cidr_block": "",
            "ipv6_cidr_block_association_id": "",
            "ipv6_native": false,
            "map_customer_owned_ip_on_launch": false,
            "map_public_ip_on_launch": false,
            "outpost_arn": "",
            "owner_id": "654654512735",
            "private_dns_hostname_type_on_launch": "ip-name",
            "tags": {},
            "tags_all": {},
            "timeouts": null,
            "vpc_id": "vpc-0703324b0286401ca"
          },
          "sensitive_attributes": [],
          "private": "eyJlMmJmYjczMC1lY2FhLTExZTYtOGY4OC0zNDM2M2JjN2M0YzAiOnsiY3JlYXRlIjo2MDAwMDAwMDAwMDAsImRlbGV0ZSI6MTIwMDAwMDAwMDAwMH0sInNjaGVtYV92ZXJzaW9uIjoiMSJ9",
          "dependencies": [
            "aws_vpc.main"
          ]
        }
      ]
    },
    {
      "mode": "managed",
      "type": "aws_vpc",
      "name": "main",
      "provider": "provider[\"registry.opentofu.org/hashicorp/aws\"]",
      "instances": [
        {
          "schema_version": 1,
          "attributes": {
            "arn": "arn:aws:ec2:us-east-1:654654512735:vpc/vpc-0703324b0286401ca",
            "assign_generated_ipv6_cidr_block": false,
            "cidr_block": "10.0.0.0/16",
            "default_network_acl_id": "acl-0dd2bdb92530fedd6",
            "default_route_table_id": "rtb-00455086c858b9518",
            "default_security_group_id": "sg-09cf7c3814ef1aec9",
            "dhcp_options_id": "dopt-0448c905aa54596ac",
            "enable_dns_hostnames": false,
            "enable_dns_support": true,
            "enable_network_address_usage_metrics": false,
            "id": "vpc-0703324b0286401ca",
            "instance_tenancy": "default",
            "ipv4_ipam_pool_id": null,
            "ipv4_netmask_length": null,
            "ipv6_association_id": "",
            "ipv6_cidr_block": "",
            "ipv6_cidr_block_network_border_group": "",
            "ipv6_ipam_pool_id": "",
            "ipv6_netmask_length": 0,
            "main_route_table_id": "rtb-00455086c858b9518",
            "owner_id": "654654512735",
            "tags": {},
            "tags_all": {}
          },
          "sensitive_attributes": [],
          "private": "eyJzY2hlbWFfdmVyc2lvbiI6IjEifQ=="
        }
      ]
    }
  ],
  "check_results": null
}
