{
  "version": 4,
  "terraform_version": "1.7.2",
  "serial": 3,
  "lineage": "8ebc2ad4-09a6-559d-169e-e7f1af71737f",
  "outputs": {},
  "resources": [
    {
      "mode": "managed",
      "type": "aws_apprunner_auto_scaling_configuration_version",
      "name": "app_scaling",
      "provider": "provider[\"registry.opentofu.org/hashicorp/aws\"]",
      "instances": [
        {
          "schema_version": 0,
          "attributes": {
            "arn": "arn:aws:apprunner:us-east-1:654654512735:autoscalingconfiguration/app-scaling-config/2/89c7603917ac481284470af92d5053c8",
            "auto_scaling_configuration_name": "app-scaling-config",
            "auto_scaling_configuration_revision": 2,
            "has_associated_service": false,
            "id": "arn:aws:apprunner:us-east-1:654654512735:autoscalingconfiguration/app-scaling-config/2/89c7603917ac481284470af92d5053c8",
            "is_default": false,
            "latest": true,
            "max_concurrency": 100,
            "max_size": 3,
            "min_size": 1,
            "status": "active",
            "tags": {},
            "tags_all": {}
          },
          "sensitive_attributes": [],
          "private": "bnVsbA=="
        }
      ]
    },
    {
      "mode": "managed",
      "type": "aws_apprunner_service",
      "name": "app_services",
      "provider": "provider[\"registry.opentofu.org/hashicorp/aws\"]",
      "instances": [
        {
          "index_key": "announcements-dev",
          "schema_version": 0,
          "attributes": {
            "arn": "arn:aws:apprunner:us-east-1:654654512735:service/announcements-dev-service/20baaf2ad913404292b9169fd2a1f6c9",
            "auto_scaling_configuration_arn": "arn:aws:apprunner:us-east-1:654654512735:autoscalingconfiguration/app-scaling-config/2/89c7603917ac481284470af92d5053c8",
            "encryption_configuration": [],
            "health_check_configuration": [
              {
                "healthy_threshold": 1,
                "interval": 5,
                "path": "/",
                "protocol": "TCP",
                "timeout": 2,
                "unhealthy_threshold": 5
              }
            ],
            "id": "arn:aws:apprunner:us-east-1:654654512735:service/announcements-dev-service/20baaf2ad913404292b9169fd2a1f6c9",
            "instance_configuration": [
              {
                "cpu": "1024",
                "instance_role_arn": "",
                "memory": "2048"
              }
            ],
            "network_configuration": [
              {
                "egress_configuration": [
                  {
                    "egress_type": "DEFAULT",
                    "vpc_connector_arn": ""
                  }
                ],
                "ingress_configuration": [
                  {
                    "is_publicly_accessible": true
                  }
                ],
                "ip_address_type": "IPV4"
              }
            ],
            "observability_configuration": [],
            "service_id": "20baaf2ad913404292b9169fd2a1f6c9",
            "service_name": "announcements-dev-service",
            "service_url": "2zwhqeckhj.us-east-1.awsapprunner.com",
            "source_configuration": [
              {
                "authentication_configuration": [
                  {
                    "access_role_arn": "arn:aws:iam::654654512735:role/apprunner-access-role",
                    "connection_arn": ""
                  }
                ],
                "auto_deployments_enabled": true,
                "code_repository": [],
                "image_repository": [
                  {
                    "image_configuration": [
                      {
                        "port": "8000",
                        "runtime_environment_secrets": null,
                        "runtime_environment_variables": null,
                        "start_command": ""
                      }
                    ],
                    "image_identifier": "654654512735.dkr.ecr.us-east-1.amazonaws.com/announcements-dev:latest",
                    "image_repository_type": "ECR"
                  }
                ]
              }
            ],
            "status": "RUNNING",
            "tags": {
              "Application": "announcements",
              "Environment": "dev"
            },
            "tags_all": {
              "Application": "announcements",
              "Environment": "dev"
            }
          },
          "sensitive_attributes": [],
          "private": "bnVsbA==",
          "dependencies": [
            "aws_apprunner_auto_scaling_configuration_version.app_scaling",
            "aws_iam_role.apprunner_role"
          ]
        },
        {
          "index_key": "announcements-prod",
          "status": "tainted",
          "schema_version": 0,
          "attributes": {
            "arn": null,
            "auto_scaling_configuration_arn": "arn:aws:apprunner:us-east-1:654654512735:autoscalingconfiguration/app-scaling-config/2/89c7603917ac481284470af92d5053c8",
            "encryption_configuration": [],
            "health_check_configuration": null,
            "id": "arn:aws:apprunner:us-east-1:654654512735:service/announcements-prod-service/28fea87571ed4382b7ebfe633386e5ab",
            "instance_configuration": [
              {
                "cpu": "1024",
                "instance_role_arn": "",
                "memory": "2048"
              }
            ],
            "network_configuration": null,
            "observability_configuration": [],
            "service_id": null,
            "service_name": "announcements-prod-service",
            "service_url": null,
            "source_configuration": [
              {
                "authentication_configuration": [
                  {
                    "access_role_arn": "arn:aws:iam::654654512735:role/apprunner-access-role",
                    "connection_arn": ""
                  }
                ],
                "auto_deployments_enabled": true,
                "code_repository": [],
                "image_repository": [
                  {
                    "image_configuration": [
                      {
                        "port": "8000",
                        "runtime_environment_secrets": null,
                        "runtime_environment_variables": null,
                        "start_command": ""
                      }
                    ],
                    "image_identifier": "654654512735.dkr.ecr.us-east-1.amazonaws.com/announcements-prod:latest",
                    "image_repository_type": "ECR"
                  }
                ]
              }
            ],
            "status": null,
            "tags": {
              "Application": "announcements",
              "Environment": "prod"
            },
            "tags_all": {
              "Application": "announcements",
              "Environment": "prod"
            }
          },
          "sensitive_attributes": [],
          "private": "bnVsbA==",
          "dependencies": [
            "aws_apprunner_auto_scaling_configuration_version.app_scaling",
            "aws_iam_role.apprunner_role"
          ]
        },
        {
          "index_key": "announcements-qa",
          "schema_version": 0,
          "attributes": {
            "arn": "arn:aws:apprunner:us-east-1:654654512735:service/announcements-qa-service/4b31f197ee7040c8ba9db98ce6a1053d",
            "auto_scaling_configuration_arn": "arn:aws:apprunner:us-east-1:654654512735:autoscalingconfiguration/app-scaling-config/2/89c7603917ac481284470af92d5053c8",
            "encryption_configuration": [],
            "health_check_configuration": [
              {
                "healthy_threshold": 1,
                "interval": 5,
                "path": "/",
                "protocol": "TCP",
                "timeout": 2,
                "unhealthy_threshold": 5
              }
            ],
            "id": "arn:aws:apprunner:us-east-1:654654512735:service/announcements-qa-service/4b31f197ee7040c8ba9db98ce6a1053d",
            "instance_configuration": [
              {
                "cpu": "1024",
                "instance_role_arn": "",
                "memory": "2048"
              }
            ],
            "network_configuration": [
              {
                "egress_configuration": [
                  {
                    "egress_type": "DEFAULT",
                    "vpc_connector_arn": ""
                  }
                ],
                "ingress_configuration": [
                  {
                    "is_publicly_accessible": true
                  }
                ],
                "ip_address_type": "IPV4"
              }
            ],
            "observability_configuration": [],
            "service_id": "4b31f197ee7040c8ba9db98ce6a1053d",
            "service_name": "announcements-qa-service",
            "service_url": "wvq6yzvqck.us-east-1.awsapprunner.com",
            "source_configuration": [
              {
                "authentication_configuration": [
                  {
                    "access_role_arn": "arn:aws:iam::654654512735:role/apprunner-access-role",
                    "connection_arn": ""
                  }
                ],
                "auto_deployments_enabled": true,
                "code_repository": [],
                "image_repository": [
                  {
                    "image_configuration": [
                      {
                        "port": "8000",
                        "runtime_environment_secrets": null,
                        "runtime_environment_variables": null,
                        "start_command": ""
                      }
                    ],
                    "image_identifier": "654654512735.dkr.ecr.us-east-1.amazonaws.com/announcements-qa:latest",
                    "image_repository_type": "ECR"
                  }
                ]
              }
            ],
            "status": "RUNNING",
            "tags": {
              "Application": "announcements",
              "Environment": "qa"
            },
            "tags_all": {
              "Application": "announcements",
              "Environment": "qa"
            }
          },
          "sensitive_attributes": [],
          "private": "bnVsbA==",
          "dependencies": [
            "aws_apprunner_auto_scaling_configuration_version.app_scaling",
            "aws_iam_role.apprunner_role"
          ]
        }
      ]
    },
    {
      "mode": "managed",
      "type": "aws_iam_policy",
      "name": "ecr_access_policy",
      "provider": "provider[\"registry.opentofu.org/hashicorp/aws\"]",
      "instances": [
        {
          "schema_version": 0,
          "attributes": {
            "arn": "arn:aws:iam::654654512735:policy/apprunner-ecr-access-policy",
            "attachment_count": 1,
            "description": "",
            "id": "arn:aws:iam::654654512735:policy/apprunner-ecr-access-policy",
            "name": "apprunner-ecr-access-policy",
            "name_prefix": "",
            "path": "/",
            "policy": "{\"Statement\":[{\"Action\":[\"ecr:GetDownloadUrlForLayer\",\"ecr:BatchGetImage\",\"ecr:BatchCheckLayerAvailability\"],\"Effect\":\"Allow\",\"Resource\":\"*\"},{\"Action\":\"ecr:GetAuthorizationToken\",\"Effect\":\"Allow\",\"Resource\":\"*\"}],\"Version\":\"2012-10-17\"}",
            "policy_id": "ANPAZQ3DTDZPT7IM4FZZH",
            "tags": {},
            "tags_all": {}
          },
          "sensitive_attributes": [],
          "private": "bnVsbA=="
        }
      ]
    },
    {
      "mode": "managed",
      "type": "aws_iam_role",
      "name": "apprunner_role",
      "provider": "provider[\"registry.opentofu.org/hashicorp/aws\"]",
      "instances": [
        {
          "schema_version": 0,
          "attributes": {
            "arn": "arn:aws:iam::654654512735:role/apprunner-access-role",
            "assume_role_policy": "{\"Statement\":[{\"Action\":\"sts:AssumeRole\",\"Effect\":\"Allow\",\"Principal\":{\"Service\":\"build.apprunner.amazonaws.com\"}}],\"Version\":\"2012-10-17\"}",
            "create_date": "2024-08-16T20:21:54Z",
            "description": "",
            "force_detach_policies": false,
            "id": "apprunner-access-role",
            "inline_policy": [],
            "managed_policy_arns": [
              "arn:aws:iam::654654512735:policy/apprunner-ecr-access-policy"
            ],
            "max_session_duration": 3600,
            "name": "apprunner-access-role",
            "name_prefix": "",
            "path": "/",
            "permissions_boundary": "",
            "tags": {},
            "tags_all": {},
            "unique_id": "AROAZQ3DTDZPZW5R3SJ2O"
          },
          "sensitive_attributes": [],
          "private": "bnVsbA=="
        }
      ]
    },
    {
      "mode": "managed",
      "type": "aws_iam_role_policy_attachment",
      "name": "apprunner_ecr_policy_attach",
      "provider": "provider[\"registry.opentofu.org/hashicorp/aws\"]",
      "instances": [
        {
          "schema_version": 0,
          "attributes": {
            "id": "apprunner-access-role-20240816202154756600000001",
            "policy_arn": "arn:aws:iam::654654512735:policy/apprunner-ecr-access-policy",
            "role": "apprunner-access-role"
          },
          "sensitive_attributes": [],
          "private": "bnVsbA==",
          "dependencies": [
            "aws_iam_policy.ecr_access_policy",
            "aws_iam_role.apprunner_role"
          ]
        }
      ]
    }
  ],
  "check_results": null
}
